
Microsoft Visual Studio Solution File, Format Version 12.00
# Visual Studio Version 16
VisualStudioVersion = 16.0.30804.86
MinimumVisualStudioVersion = 10.0.40219.1
Project("{FAE04EC0-301F-11D3-BF4B-00C04F79EFBC}") = "Codesnippet4", "Session3\Codesnippet4.csproj", "{E48A05C8-ECB4-46C3-8046-B5DF337FAF94}"
EndProject
Project("{FAE04EC0-301F-11D3-BF4B-00C04F79EFBC}") = "codesnippet7", "codesnippet7\codesnippet7.csproj", "{296B8D9D-7F54-480C-90E8-DF0BD3EAB2A3}"
EndProject
Project("{FAE04EC0-301F-11D3-BF4B-00C04F79EFBC}") = "codesnippet8", "codesnippet8\codesnippet8.csproj", "{405421B5-2271-48B1-955F-06E655DD7301}"
EndProject
Global
	GlobalSection(SolutionConfigurationPlatforms) = preSolution
		Debug|Any CPU = Debug|Any CPU
		Release|Any CPU = Release|Any CPU
	EndGlobalSection
	GlobalSection(ProjectConfigurationPlatforms) = postSolution
		{E48A05C8-ECB4-46C3-8046-B5DF337FAF94}.Debug|Any CPU.ActiveCfg = Debug|Any CPU
		{E48A05C8-ECB4-46C3-8046-B5DF337FAF94}.Debug|Any CPU.Build.0 = Debug|Any CPU
		{E48A05C8-ECB4-46C3-8046-B5DF337FAF94}.Release|Any CPU.ActiveCfg = Release|Any CPU
		{E48A05C8-ECB4-46C3-8046-B5DF337FAF94}.Release|Any CPU.Build.0 = Release|Any CPU
		{296B8D9D-7F54-480C-90E8-DF0BD3EAB2A3}.Debug|Any CPU.ActiveCfg = Debug|Any CPU
		{296B8D9D-7F54-480C-90E8-DF0BD3EAB2A3}.Debug|Any CPU.Build.0 = Debug|Any CPU
		{296B8D9D-7F54-480C-90E8-DF0BD3EAB2A3}.Release|Any CPU.ActiveCfg = Release|Any CPU
		{296B8D9D-7F54-480C-90E8-DF0BD3EAB2A3}.Release|Any CPU.Build.0 = Release|Any CPU
		{405421B5-2271-48B1-955F-06E655DD7301}.Debug|Any CPU.ActiveCfg = Debug|Any CPU
		{405421B5-2271-48B1-955F-06E655DD7301}.Debug|Any CPU.Build.0 = Debug|Any CPU
		{405421B5-2271-48B1-955F-06E655DD7301}.Release|Any CPU.ActiveCfg = Release|Any CPU
		{405421B5-2271-48B1-955F-06E655DD7301}.Release|Any CPU.Build.0 = Release|Any CPU
	EndGlobalSection
	GlobalSection(SolutionProperties) = preSolution
		HideSolutionNode = FALSE
	EndGlobalSection
	GlobalSection(ExtensibilityGlobals) = postSolution
		SolutionGuid = {56A6E5D0-3E98-4675-8CC1-D6A6A76508B9}
	EndGlobalSection
EndGlobal
